<Solution>
  <Project Path="src/F1Telemetry.App/F1Telemetry.App.csproj" />
  <Project Path="src/F1Telemetry.Core/F1Telemetry.Core.csproj" />
  <Project Path="src/F1Telemetry.Infrastructure/F1Telemetry.Infrastructure.csproj" />
  <Project Path="tests/F1Telemetry.Core.Tests/F1Telemetry.Core.Tests.csproj" />
  <Project Path="tests/F1Telemetry.Infrastructure.Tests/F1Telemetry.Infrastructure.Tests.csproj" />
</Solution>
